
Microsoft Visual Studio Solution File, Format Version 12.00
# Visual Studio Version 17
VisualStudioVersion = 17.10.35027.167
MinimumVisualStudioVersion = 10.0.40219.1
Project("{FAE04EC0-301F-11D3-BF4B-00C04F79EFBC}") = "Booking System", "Booking System\Booking System.csproj", "{2A084ED2-6D9A-47F9-BC63-513532BD2BBA}"
EndProject
Project("{FAE04EC0-301F-11D3-BF4B-00C04F79EFBC}") = "BookingSystem.DataAccess", "BookingSystem.DataAccess\BookingSystem.DataAccess.csproj", "{EDBCC352-F7D3-49B7-AD32-1B6B4F7B2374}"
EndProject
Project("{FAE04EC0-301F-11D3-BF4B-00C04F79EFBC}") = "BookingSystem.DataModel", "BookingSystem.DataModel\BookingSystem.DataModel.csproj", "{1CEF093C-825E-44F2-9373-3D230C9F0314}"
EndProject
Project("{FAE04EC0-301F-11D3-BF4B-00C04F79EFBC}") = "BookingSystem.Provider", "BookingSystem.Provider\BookingSystem.Provider.csproj", "{35152667-C395-4FF5-B98A-4668083E99B1}"
EndProject
Project("{FAE04EC0-301F-11D3-BF4B-00C04F79EFBC}") = "BookingSystem.UI", "BookingSystem.UI\BookingSystem.UI.csproj", "{928D878C-2C4C-4962-8B6C-91FFF90BE7A3}"
EndProject
Global
	GlobalSection(SolutionConfigurationPlatforms) = preSolution
		Debug|Any CPU = Debug|Any CPU
		Release|Any CPU = Release|Any CPU
	EndGlobalSection
	GlobalSection(ProjectConfigurationPlatforms) = postSolution
		{2A084ED2-6D9A-47F9-BC63-513532BD2BBA}.Debug|Any CPU.ActiveCfg = Debug|Any CPU
		{2A084ED2-6D9A-47F9-BC63-513532BD2BBA}.Debug|Any CPU.Build.0 = Debug|Any CPU
		{2A084ED2-6D9A-47F9-BC63-513532BD2BBA}.Release|Any CPU.ActiveCfg = Release|Any CPU
		{2A084ED2-6D9A-47F9-BC63-513532BD2BBA}.Release|Any CPU.Build.0 = Release|Any CPU
		{EDBCC352-F7D3-49B7-AD32-1B6B4F7B2374}.Debug|Any CPU.ActiveCfg = Debug|Any CPU
		{EDBCC352-F7D3-49B7-AD32-1B6B4F7B2374}.Debug|Any CPU.Build.0 = Debug|Any CPU
		{EDBCC352-F7D3-49B7-AD32-1B6B4F7B2374}.Release|Any CPU.ActiveCfg = Release|Any CPU
		{EDBCC352-F7D3-49B7-AD32-1B6B4F7B2374}.Release|Any CPU.Build.0 = Release|Any CPU
		{1CEF093C-825E-44F2-9373-3D230C9F0314}.Debug|Any CPU.ActiveCfg = Debug|Any CPU
		{1CEF093C-825E-44F2-9373-3D230C9F0314}.Debug|Any CPU.Build.0 = Debug|Any CPU
		{1CEF093C-825E-44F2-9373-3D230C9F0314}.Release|Any CPU.ActiveCfg = Release|Any CPU
		{1CEF093C-825E-44F2-9373-3D230C9F0314}.Release|Any CPU.Build.0 = Release|Any CPU
		{35152667-C395-4FF5-B98A-4668083E99B1}.Debug|Any CPU.ActiveCfg = Debug|Any CPU
		{35152667-C395-4FF5-B98A-4668083E99B1}.Debug|Any CPU.Build.0 = Debug|Any CPU
		{35152667-C395-4FF5-B98A-4668083E99B1}.Release|Any CPU.ActiveCfg = Release|Any CPU
		{35152667-C395-4FF5-B98A-4668083E99B1}.Release|Any CPU.Build.0 = Release|Any CPU
		{928D878C-2C4C-4962-8B6C-91FFF90BE7A3}.Debug|Any CPU.ActiveCfg = Debug|Any CPU
		{928D878C-2C4C-4962-8B6C-91FFF90BE7A3}.Debug|Any CPU.Build.0 = Debug|Any CPU
		{928D878C-2C4C-4962-8B6C-91FFF90BE7A3}.Release|Any CPU.ActiveCfg = Release|Any CPU
		{928D878C-2C4C-4962-8B6C-91FFF90BE7A3}.Release|Any CPU.Build.0 = Release|Any CPU
	EndGlobalSection
	GlobalSection(SolutionProperties) = preSolution
		HideSolutionNode = FALSE
	EndGlobalSection
	GlobalSection(ExtensibilityGlobals) = postSolution
		SolutionGuid = {FEEF314D-8BC2-44C1-A938-FEDA6B638700}
	EndGlobalSection
EndGlobal
